
Microsoft Visual Studio Solution File, Format Version 12.00
# Visual Studio Version 16
VisualStudioVersion = 16.0.30804.86
MinimumVisualStudioVersion = 10.0.40219.1
Project("{FAE04EC0-301F-11D3-BF4B-00C04F79EFBC}") = "Theo.TaskScheduler", "Theo.TaskScheduler\Theo.TaskScheduler.csproj", "{BF897CF2-E8A0-44F0-883E-3CB862CFF05E}"
EndProject
Project("{FAE04EC0-301F-11D3-BF4B-00C04F79EFBC}") = "Theo.Business", "Theo.Business\Theo.Business.csproj", "{B3FA03E8-D814-48B7-ACDA-18686D6E5C54}"
EndProject
Global
	GlobalSection(SolutionConfigurationPlatforms) = preSolution
		Debug|Any CPU = Debug|Any CPU
		Release|Any CPU = Release|Any CPU
	EndGlobalSection
	GlobalSection(ProjectConfigurationPlatforms) = postSolution
		{BF897CF2-E8A0-44F0-883E-3CB862CFF05E}.Debug|Any CPU.ActiveCfg = Debug|Any CPU
		{BF897CF2-E8A0-44F0-883E-3CB862CFF05E}.Debug|Any CPU.Build.0 = Debug|Any CPU
		{BF897CF2-E8A0-44F0-883E-3CB862CFF05E}.Release|Any CPU.ActiveCfg = Release|Any CPU
		{BF897CF2-E8A0-44F0-883E-3CB862CFF05E}.Release|Any CPU.Build.0 = Release|Any CPU
		{B3FA03E8-D814-48B7-ACDA-18686D6E5C54}.Debug|Any CPU.ActiveCfg = Debug|Any CPU
		{B3FA03E8-D814-48B7-ACDA-18686D6E5C54}.Debug|Any CPU.Build.0 = Debug|Any CPU
		{B3FA03E8-D814-48B7-ACDA-18686D6E5C54}.Release|Any CPU.ActiveCfg = Release|Any CPU
		{B3FA03E8-D814-48B7-ACDA-18686D6E5C54}.Release|Any CPU.Build.0 = Release|Any CPU
	EndGlobalSection
	GlobalSection(SolutionProperties) = preSolution
		HideSolutionNode = FALSE
	EndGlobalSection
	GlobalSection(ExtensibilityGlobals) = postSolution
		SolutionGuid = {1FDC21EC-2F52-43CA-B622-B40B0F792F21}
	EndGlobalSection
EndGlobal
